github.com/neputevshina/nanowarp/wav v0.0.0-20260407171420-6cc99d2fc1c5 h1:efrHSj+jngICCfUYjQ6assWYTtYoS9dY5EAqvRmJ2hQ=
github.com/neputevshina/nanowarp/wav v0.0.0-20260407171420-6cc99d2fc1c5/go.mod h1:OygkjpLmhB87IvwO3o+NDY2VsFj4CAgBMHDnG2fbVf0=
github.com/youpy/go-riff v0.1.0 h1:vZO/37nI4tIET8tQI0Qn0Y79qQh99aEpponTPiPut7k=
github.com/youpy/go-riff v0.1.0/go.mod h1:83nxdDV4Z9RzrTut9losK7ve4hUnxUR8ASSz4BsKXwQ=
github.com/zaf/g711 v1.4.0 h1:XZYkjjiAg9QTBnHqEg37m2I9q3IIDv5JRYXs2N8ma7c=
github.com/zaf/g711 v1.4.0/go.mod h1:eCDXt3dSp/kYYAoooba7ukD/Q75jvAaS4WOMr0l1Roo=
golang.org/x/exp v0.0.0-20260410095643-746e56fc9e2f h1:W3F4c+6OLc6H2lb//N1q4WpJkhzJCK5J6kUi1NTVXfM=
golang.org/x/exp v0.0.0-20260410095643-746e56fc9e2f/go.mod h1:J1xhfL/vlindoeF/aINzNzt2Bket5bjo9sdOYzOsU80=
gonum.org/v1/gonum v0.17.0 h1:VbpOemQlsSMrYmn7T2OUvQ4dqxQXU+ouZFQsZOx50z4=
gonum.org/v1/gonum v0.17.0/go.mod h1:El3tOrEuMpv2UdMrbNlKEh9vd86bmQ6vqIcDwxEOc1E=
